# This file is automatically @generated by Cargo.
# It is not intended for manual editing.
version = 3

[[package]]
name = "ic_apic"
version = "0.1.0"
dependencies = [
 "ic_comm",
 "ic_port",
 "ic_protocol",
 "ic_util",
]

[[package]]
name = "ic_apid"
version = "0.1.0"
dependencies = [
 "ic_apic",
 "ic_comm",
 "ic_ndb_signals",
 "ic_port",
 "ic_protocol",
 "ic_util",
]

[[package]]
name = "ic_bench"
version = "0.1.0"
dependencies = [
 "ic_apic",
 "ic_apid",
 "ic_ndb_signals",
 "ic_port",
 "ic_util",
]

[[package]]
name = "ic_capi"
version = "0.1.0"
dependencies = [
 "ic_apid",
]

[[package]]
name = "ic_comm"
version = "0.1.0"
dependencies = [
 "ic_port",
 "ic_util",
 "libc",
]

[[package]]
name = "ic_config_dump"
version = "0.1.0"
dependencies = [
 "ic_apic",
 "ic_port",
 "ic_util",
]

[[package]]
name = "ic_desc"
version = "0.1.0"
dependencies = [
 "ic_apic",
 "ic_apid",
 "ic_ndb_signals",
 "ic_port",
 "ic_util",
]

[[package]]
name = "ic_model"
version = "0.1.0"

[[package]]
name = "ic_ndb_signals"
version = "0.1.0"
dependencies = [
 "ic_port",
]

[[package]]
name = "ic_node_ping"
version = "0.1.0"
dependencies = [
 "ic_apic",
 "ic_apid",
 "ic_ndb_signals",
 "ic_port",
 "ic_util",
]

[[package]]
name = "ic_port"
version = "0.1.0"
dependencies = [
 "libc",
]

[[package]]
name = "ic_protocol"
version = "0.1.0"
dependencies = [
 "ic_port",
]

[[package]]
name = "ic_read"
version = "0.1.0"
dependencies = [
 "ic_apic",
 "ic_apid",
 "ic_port",
 "ic_util",
]

[[package]]
name = "ic_trans"
version = "0.1.0"
dependencies = [
 "ic_apic",
 "ic_apid",
 "ic_ndb_signals",
 "ic_port",
 "ic_util",
]

[[package]]
name = "ic_util"
version = "0.1.0"
dependencies = [
 "ic_port",
]

[[package]]
name = "ic_write"
version = "0.1.0"
dependencies = [
 "ic_apic",
 "ic_apid",
 "ic_ndb_signals",
 "ic_port",
 "ic_util",
]

[[package]]
name = "libc"
version = "0.2.189"
source = "registry+https://github.com/rust-lang/crates.io-index"
checksum = "3eaf3ede3fee6db1a4c2ee091bf8a8b4dccdc6d17f656fb07896ee72867612f2"

[[package]]
name = "xtask"
version = "0.1.0"
